# This file is autogenerated, do not edit; changes may be undone by the next 'dep ensure'.


[[projects]]
  branch = "master"
  name = "github.com/cloudflare/cfssl"
  packages = ["api","api/client","auth","certdb","cli","config","crypto/pkcs7","csr","errors","helpers","helpers/derhelpers","info","log","ocsp","ocsp/config","signer","signer/local","signer/remote","signer/universal"]
  revision = "b92b544a91e70c91d9db888dfc9216197329df30"

[[projects]]
  name = "github.com/davecgh/go-spew"
  packages = ["spew"]
  revision = "346938d642f2ec3594ed81d874461961cd0faa76"
  version = "v1.1.0"

[[projects]]
  name = "github.com/fsnotify/fsnotify"
  packages = ["."]
  revision = "629574ca2a5df945712d3079857300b5e4da0236"
  version = "v1.4.2"

[[projects]]
  name = "github.com/gogo/protobuf"
  packages = ["proto"]
  revision = "100ba4e885062801d56799d78530b73b178a78f3"
  version = "v0.4"

[[projects]]
  branch = "master"
  name = "github.com/golang/groupcache"
  packages = ["lru"]
  revision = "b710c8433bd175204919eb38776e944233235d03"

[[projects]]
  branch = "master"
  name = "github.com/golang/protobuf"
  packages = ["proto","ptypes","ptypes/any","ptypes/duration","ptypes/timestamp"]
  revision = "11b8df160996e00fd4b55cbaafb3d84ec6d50fa8"

[[projects]]
  branch = "master"
  name = "github.com/google/certificate-transparency-go"
  packages = [".","asn1","client","client/configpb","jsonclient","tls","x509","x509/pkix"]
  revision = "abb79e468b6f3bbd48d1ab0c9e68febf80d52c4d"

[[projects]]
  branch = "master"
  name = "github.com/hashicorp/hcl"
  packages = [".","hcl/ast","hcl/parser","hcl/scanner","hcl/strconv","hcl/token","json/parser","json/scanner","json/token"]
  revision = "68e816d1c783414e79bc65b3994d9ab6b0a722ab"

[[projects]]
  branch = "master"
  name = "github.com/hyperledger/fabric-sdk-go"
  packages = ["api/apiconfig","api/apifabca","api/apifabclient","api/apitxn","def/fabapi","def/fabapi/context","def/fabapi/context/defprovider","def/fabapi/opt","internal/github.com/hyperledger/fabric-ca/api","internal/github.com/hyperledger/fabric-ca/lib","internal/github.com/hyperledger/fabric-ca/lib/tcert","internal/github.com/hyperledger/fabric-ca/lib/tls","internal/github.com/hyperledger/fabric-ca/util","internal/github.com/hyperledger/fabric/common/channelconfig","internal/github.com/hyperledger/fabric/common/crypto","internal/github.com/hyperledger/fabric/common/ledger/util","internal/github.com/hyperledger/fabric/common/metadata","internal/github.com/hyperledger/fabric/common/util","internal/github.com/hyperledger/fabric/core/comm","internal/github.com/hyperledger/fabric/core/config","internal/github.com/hyperledger/fabric/core/ledger/kvledger/txmgmt/rwsetutil","internal/github.com/hyperledger/fabric/core/ledger/kvledger/txmgmt/version","internal/github.com/hyperledger/fabric/core/ledger/util","internal/github.com/hyperledger/fabric/events/consumer","internal/github.com/hyperledger/fabric/msp","internal/github.com/hyperledger/fabric/msp/cache","internal/github.com/hyperledger/fabric/msp/mgmt","internal/github.com/hyperledger/fabric/protos/ledger/rwset","internal/github.com/hyperledger/fabric/protos/ledger/rwset/kvrwset","internal/github.com/hyperledger/fabric/protos/orderer","internal/github.com/hyperledger/fabric/protos/utils","pkg/config","pkg/fabric-ca-client","pkg/fabric-client","pkg/fabric-client/channel","pkg/fabric-client/events","pkg/fabric-client/events/consumer","pkg/fabric-client/identity","pkg/fabric-client/internal","pkg/fabric-client/internal/txnproc","pkg/fabric-client/keyvaluestore","pkg/fabric-client/mocks","pkg/fabric-client/orderer","pkg/fabric-client/packager","pkg/fabric-client/peer","pkg/fabric-txn","pkg/fabric-txn/internal","third_party/github.com/hyperledger/fabric/bccsp","third_party/github.com/hyperledger/fabric/bccsp/factory","third_party/github.com/hyperledger/fabric/bccsp/pkcs11","third_party/github.com/hyperledger/fabric/bccsp/signer","third_party/github.com/hyperledger/fabric/bccsp/sw","third_party/github.com/hyperledger/fabric/bccsp/utils","third_party/github.com/hyperledger/fabric/common/flogging","third_party/github.com/hyperledger/fabric/protos/common","third_party/github.com/hyperledger/fabric/protos/msp","third_party/github.com/hyperledger/fabric/protos/peer"]
  revision = "9cde6ca986561ff93e8a6d514abf5fc1feb9eb4f"

[[projects]]
  name = "github.com/jmhodges/clock"
  packages = ["."]
  revision = "880ee4c335489bc78d01e4d0a254ae880734bc15"
  version = "v1.1"

[[projects]]
  name = "github.com/magiconair/properties"
  packages = ["."]
  revision = "be5ece7dd465ab0765a9682137865547526d1dfb"
  version = "v1.7.3"

[[projects]]
  branch = "master"
  name = "github.com/miekg/pkcs11"
  packages = ["."]
  revision = "eda1d775a087f2a96fec7c7876ea94dea43e6027"

[[projects]]
  branch = "master"
  name = "github.com/mitchellh/mapstructure"
  packages = ["."]
  revision = "d0303fe809921458f417bcf828397a65db30a7e4"

[[projects]]
  branch = "datarace"
  name = "github.com/op/go-logging"
  packages = ["."]
  revision = "1df6e860446321cc5ab45e62e1def171321c92fb"
  source = "github.com/troyronda/go-logging"

[[projects]]
  name = "github.com/pelletier/go-buffruneio"
  packages = ["."]
  revision = "c37440a7cf42ac63b919c752ca73a85067e05992"
  version = "v0.2.0"

[[projects]]
  name = "github.com/pelletier/go-toml"
  packages = ["."]
  revision = "5ccdfb18c776b740aecaf085c4d9a2779199c279"
  version = "v1.0.0"

[[projects]]
  name = "github.com/pkg/errors"
  packages = ["."]
  revision = "645ef00459ed84a119197bfb8d8205042c6df63d"
  version = "v0.8.0"

[[projects]]
  name = "github.com/pmezard/go-difflib"
  packages = ["difflib"]
  revision = "792786c7400a136282c1664665ae0a8db921c6c2"
  version = "v1.0.0"

[[projects]]
  branch = "master"
  name = "github.com/spf13/afero"
  packages = [".","mem"]
  revision = "ee1bd8ee15a1306d1f9201acc41ef39cd9f99a1b"

[[projects]]
  name = "github.com/spf13/cast"
  packages = ["."]
  revision = "acbeb36b902d72a7a4c18e8f3241075e7ab763e4"
  version = "v1.1.0"

[[projects]]
  branch = "master"
  name = "github.com/spf13/jwalterweatherman"
  packages = ["."]
  revision = "12bd96e66386c1960ab0f74ced1362f66f552f7b"

[[projects]]
  name = "github.com/spf13/pflag"
  packages = ["."]
  revision = "e57e3eeb33f795204c1ca35f56c44f83227c6e66"
  version = "v1.0.0"

[[projects]]
  name = "github.com/spf13/viper"
  packages = ["."]
  revision = "25b30aa063fc18e48662b86996252eabdcf2f0c7"
  version = "v1.0.0"

[[projects]]
  name = "github.com/stretchr/testify"
  packages = ["assert","require","suite"]
  revision = "69483b4bd14f5845b5a1e55bca19e954e827f1d0"
  version = "v1.1.4"

[[projects]]
  branch = "master"
  name = "golang.org/x/crypto"
  packages = ["ocsp","pkcs12","pkcs12/internal/rc2","sha3"]
  revision = "b0c9c05bfe149df95eb1d25642162cca051e0466"

[[projects]]
  branch = "master"
  name = "golang.org/x/net"
  packages = ["context","context/ctxhttp","http2","http2/hpack","idna","internal/timeseries","lex/httplex","trace"]
  revision = "859d1a86bb617c0c20d154590c3c5d3fcb670b07"

[[projects]]
  branch = "master"
  name = "golang.org/x/sync"
  packages = ["syncmap"]
  revision = "f52d1811a62927559de87708c8913c1650ce4f26"

[[projects]]
  branch = "master"
  name = "golang.org/x/sys"
  packages = ["unix"]
  revision = "062cd7e4e68206d8bab9b18396626e855c992658"

[[projects]]
  branch = "master"
  name = "golang.org/x/text"
  packages = ["collate","collate/build","internal/colltab","internal/gen","internal/tag","internal/triegen","internal/ucd","language","secure/bidirule","transform","unicode/bidi","unicode/cldr","unicode/norm","unicode/rangetable"]
  revision = "1cbadb444a806fd9430d14ad08967ed91da4fa0a"

[[projects]]
  branch = "master"
  name = "google.golang.org/genproto"
  packages = ["googleapis/rpc/status"]
  revision = "595979c8a7bf586b2d293fb42246bf91a0b893d9"

[[projects]]
  name = "google.golang.org/grpc"
  packages = [".","codes","connectivity","credentials","grpclb/grpc_lb_v1/messages","grpclog","internal","keepalive","metadata","naming","peer","stats","status","tap","transport"]
  revision = "f92cdcd7dcdc69e81b2d7b338479a19a8723cfa3"
  version = "v1.6.0"

[[projects]]
  branch = "v2"
  name = "gopkg.in/yaml.v2"
  packages = ["."]
  revision = "eb3733d160e74a9c7e442f435eb3bea458e1d19f"

[solve-meta]
  analyzer-name = "dep"
  analyzer-version = 1
  inputs-digest = "bdc5a1e78f51257c642eb809cbab9d93ebb05c68bc5cf59ea24cf917279b48f0"
  solver-name = "gps-cdcl"
  solver-version = 1
